{
  "version": 4,
  "terraform_version": "1.5.5",
  "serial": 3,
  "lineage": "8f001c49-900d-8f62-695d-8cfba322367e",
  "outputs": {},
  "resources": [
    {
      "mode": "managed",
      "type": "github_repository",
      "name": "Git_Hub",
      "provider": "provider[\"registry.terraform.io/hashicorp/github\"]",
      "instances": [
        {
          "schema_version": 1,
          "attributes": {
            "allow_auto_merge": false,
            "allow_merge_commit": true,
            "allow_rebase_merge": true,
            "allow_squash_merge": true,
            "allow_update_branch": false,
            "archive_on_destroy": null,
            "archived": false,
            "auto_init": null,
            "default_branch": "main",
            "delete_branch_on_merge": false,
            "description": "My first repo created using terraform scripts",
            "etag": "W/\"494cb6027b2f5a88be6656a4f2093f51bb903c42f1e4e20abb9c63b40aa55d62\"",
            "full_name": "chandangowdaS/Github_Terraform",
            "git_clone_url": "git://github.com/chandangowdaS/Github_Terraform.git",
            "gitignore_template": null,
            "has_discussions": false,
            "has_downloads": false,
            "has_issues": false,
            "has_projects": false,
            "has_wiki": false,
            "homepage_url": "",
            "html_url": "https://github.com/chandangowdaS/Github_Terraform",
            "http_clone_url": "https://github.com/chandangowdaS/Github_Terraform.git",
            "id": "Github_Terraform",
            "ignore_vulnerability_alerts_during_read": null,
            "is_template": false,
            "license_template": null,
            "merge_commit_message": "PR_TITLE",
            "merge_commit_title": "MERGE_MESSAGE",
            "name": "Github_Terraform",
            "node_id": "R_kgDOKJrIvA",
            "pages": [],
            "private": false,
            "repo_id": 681232572,
            "security_and_analysis": [
              {
                "advanced_security": [],
                "secret_scanning": [
                  {
                    "status": "disabled"
                  }
                ],
                "secret_scanning_push_protection": [
                  {
                    "status": "disabled"
                  }
                ]
              }
            ],
            "squash_merge_commit_message": "COMMIT_MESSAGES",
            "squash_merge_commit_title": "COMMIT_OR_PR_TITLE",
            "ssh_clone_url": "git@github.com:chandangowdaS/Github_Terraform.git",
            "svn_url": "https://github.com/chandangowdaS/Github_Terraform",
            "template": [],
            "topics": null,
            "visibility": "public",
            "vulnerability_alerts": false
          },
          "sensitive_attributes": [],
          "private": "eyJzY2hlbWFfdmVyc2lvbiI6IjEifQ=="
        }
      ]
    }
  ],
  "check_results": null
}
